
Microsoft Visual Studio Solution File, Format Version 12.00
# Visual Studio Version 16
VisualStudioVersion = 16.0.31005.135
MinimumVisualStudioVersion = 10.0.40219.1
Project("{FAE04EC0-301F-11D3-BF4B-00C04F79EFBC}") = "trouhelnik_v2", "trouhelnik_v2.csproj", "{C317FB47-2978-4B28-B363-86AF07E23019}"
EndProject
Global
	GlobalSection(SolutionConfigurationPlatforms) = preSolution
		Debug|Any CPU = Debug|Any CPU
		Release|Any CPU = Release|Any CPU
	EndGlobalSection
	GlobalSection(ProjectConfigurationPlatforms) = postSolution
		{C317FB47-2978-4B28-B363-86AF07E23019}.Debug|Any CPU.ActiveCfg = Debug|Any CPU
		{C317FB47-2978-4B28-B363-86AF07E23019}.Debug|Any CPU.Build.0 = Debug|Any CPU
		{C317FB47-2978-4B28-B363-86AF07E23019}.Release|Any CPU.ActiveCfg = Release|Any CPU
		{C317FB47-2978-4B28-B363-86AF07E23019}.Release|Any CPU.Build.0 = Release|Any CPU
	EndGlobalSection
	GlobalSection(SolutionProperties) = preSolution
		HideSolutionNode = FALSE
	EndGlobalSection
	GlobalSection(ExtensibilityGlobals) = postSolution
		SolutionGuid = {55B70153-DEF3-42A0-AF5E-AA5CCEDF5B8E}
	EndGlobalSection
EndGlobal
