
Microsoft Visual Studio Solution File, Format Version 12.00
# Visual Studio Version 16
VisualStudioVersion = 16.0.30717.126
MinimumVisualStudioVersion = 10.0.40219.1
Project("{888888A0-9F3D-457C-B088-3A5042F75D52}") = "Morseovka", "Morseovka\Morseovka.pyproj", "{ACFE4157-A7F1-4331-BEF4-7C500DE41770}"
EndProject
Global
	GlobalSection(SolutionConfigurationPlatforms) = preSolution
		Debug|Any CPU = Debug|Any CPU
		Release|Any CPU = Release|Any CPU
	EndGlobalSection
	GlobalSection(ProjectConfigurationPlatforms) = postSolution
		{ACFE4157-A7F1-4331-BEF4-7C500DE41770}.Debug|Any CPU.ActiveCfg = Debug|Any CPU
		{ACFE4157-A7F1-4331-BEF4-7C500DE41770}.Release|Any CPU.ActiveCfg = Release|Any CPU
	EndGlobalSection
	GlobalSection(SolutionProperties) = preSolution
		HideSolutionNode = FALSE
	EndGlobalSection
	GlobalSection(ExtensibilityGlobals) = postSolution
		SolutionGuid = {77BA2491-5B49-4E62-BD55-7E4EBEDC2D3D}
	EndGlobalSection
EndGlobal
